// !$*UTF8*$!
{
	archiveVersion = 1;
	classes = {
	};
	objectVersion = 50;
	objects = {

/* Begin PBXBuildFile section */
		5C6D053324D4FEAB00FBA4A9 /* AppDelegate.swift in Sources */ = {isa = PBXBuildFile; fileRef = 5C6D053224D4FEAB00FBA4A9 /* AppDelegate.swift */; };
		5C6D053524D4FEAB00FBA4A9 /* SceneDelegate.swift in Sources */ = {isa = PBXBuildFile; fileRef = 5C6D053424D4FEAB00FBA4A9 /* SceneDelegate.swift */; };
		5C6D053724D4FEAB00FBA4A9 /* ViewController.swift in Sources */ = {isa = PBXBuildFile; fileRef = 5C6D053624D4FEAB00FBA4A9 /* ViewController.swift */; };
		5C6D053A24D4FEAB00FBA4A9 /* Main.storyboard in Resources */ = {isa = PBXBuildFile; fileRef = 5C6D053824D4FEAB00FBA4A9 /* Main.storyboard */; };
		5C6D053C24D4FEAC00FBA4A9 /* Assets.xcassets in Resources */ = {isa = PBXBuildFile; fileRef = 5C6D053B24D4FEAC00FBA4A9 /* Assets.xcassets */; };
		5C6D053F24D4FEAC00FBA4A9 /* LaunchScreen.storyboard in Resources */ = {isa = PBXBuildFile; fileRef = 5C6D053D24D4FEAC00FBA4A9 /* LaunchScreen.storyboard */; };
		5C6D054A24D4FEAC00FBA4A9 /* TipCalcTests.swift in Sources */ = {isa = PBXBuildFile; fileRef = 5C6D054924D4FEAC00FBA4A9 /* TipCalcTests.swift */; };
		5C6D055524D4FEAC00FBA4A9 /* TipCalcUITests.swift in Sources */ = {isa = PBXBuildFile; fileRef = 5C6D055424D4FEAC00FBA4A9 /* TipCalcUITests.swift */; };
/* End PBXBuildFile section */

/* Begin PBXContainerItemProxy section */
		5C6D054624D4FEAC00FBA4A9 /* PBXContainerItemProxy */ = {
			isa = PBXContainerItemProxy;
			containerPortal = 5C6D052724D4FEAB00FBA4A9 /* Project object */;
			proxyType = 1;
			remoteGlobalIDString = 5C6D052E24D4FEAB00FBA4A9;
			remoteInfo = TipCalc;
		};
		5C6D055124D4FEAC00FBA4A9 /* PBXContainerItemProxy */ = {
			isa = PBXContainerItemProxy;
			containerPortal = 5C6D052724D4FEAB00FBA4A9 /* Project object */;
			proxyType = 1;
			remoteGlobalIDString = 5C6D052E24D4FEAB00FBA4A9;
			remoteInfo = TipCalc;
		};
/* End PBXContainerItemProxy section */

/* Begin PBXFileReference section */
		5C6D052F24D4FEAB00FBA4A9 /* TipCalc.app */ = {isa = PBXFileReference; explicitFileType = wrapper.application; includeInIndex = 0; path = TipCalc.app; sourceTree = BUILT_PRODUCTS_DIR; };
		5C6D053224D4FEAB00FBA4A9 /* AppDelegate.swift */ = {isa = PBXFileReference; lastKnownFileType = sourcecode.swift; path = AppDelegate.swift; sourceTree = "<group>"; };
		5C6D053424D4FEAB00FBA4A9 /* SceneDelegate.swift */ = {isa = PBXFileReference; lastKnownFileType = sourcecode.swift; path = SceneDelegate.swift; sourceTree = "<group>"; };
		5C6D053624D4FEAB00FBA4A9 /* ViewController.swift */ = {isa = PBXFileReference; lastKnownFileType = sourcecode.swift; path = ViewController.swift; sourceTree = "<group>"; };
		5C6D053924D4FEAB00FBA4A9 /* Base */ = {isa = PBXFileReference; lastKnownFileType = file.storyboard; name = Base; path = Base.lproj/Main.storyboard; sourceTree = "<group>"; };
		5C6D053B24D4FEAC00FBA4A9 /* Assets.xcassets */ = {isa = PBXFileReference; lastKnownFileType = folder.assetcatalog; path = Assets.xcassets; sourceTree = "<group>"; };
		5C6D053E24D4FEAC00FBA4A9 /* Base */ = {isa = PBXFileReference; lastKnownFileType = file.storyboard; name = Base; path = Base.lproj/LaunchScreen.storyboard; sourceTree = "<group>"; };
		5C6D054024D4FEAC00FBA4A9 /* Info.plist */ = {isa = PBXFileReference; lastKnownFileType = text.plist.xml; path = Info.plist; sourceTree = "<group>"; };
		5C6D054524D4FEAC00FBA4A9 /* TipCalcTests.xctest */ = {isa = PBXFileReference; explicitFileType = wrapper.cfbundle; includeInIndex = 0; path = TipCalcTests.xctest; sourceTree = BUILT_PRODUCTS_DIR; };
		5C6D054924D4FEAC00FBA4A9 /* TipCalcTests.swift */ = {isa = PBXFileReference; lastKnownFileType = sourcecode.swift; path = TipCalcTests.swift; sourceTree = "<group>"; };
		5C6D054B24D4FEAC00FBA4A9 /* Info.plist */ = {isa = PBXFileReference; lastKnownFileType = text.plist.xml; path = Info.plist; sourceTree = "<group>"; };
		5C6D055024D4FEAC00FBA4A9 /* TipCalcUITests.xctest */ = {isa = PBXFileReference; explicitFileType = wrapper.cfbundle; includeInIndex = 0; path = TipCalcUITests.xctest; sourceTree = BUILT_PRODUCTS_DIR; };
		5C6D055424D4FEAC00FBA4A9 /* TipCalcUITests.swift */ = {isa = PBXFileReference; lastKnownFileType = sourcecode.swift; path = TipCalcUITests.swift; sourceTree = "<group>"; };
		5C6D055624D4FEAC00FBA4A9 /* Info.plist */ = {isa = PBXFileReference; lastKnownFileType = text.plist.xml; path = Info.plist; sourceTree = "<group>"; };
/* End PBXFileReference section */

/* Begin PBXFrameworksBuildPhase section */
		5C6D052C24D4FEAB00FBA4A9 /* Frameworks */ = {
			isa = PBXFrameworksBuildPhase;
			buildActionMask = 2147483647;
			files = (
			);
			runOnlyForDeploymentPostprocessing = 0;
		};
		5C6D054224D4FEAC00FBA4A9 /* Frameworks */ = {
			isa = PBXFrameworksBuildPhase;
			buildActionMask = 2147483647;
			files = (
			);
			runOnlyForDeploymentPostprocessing = 0;
		};
		5C6D054D24D4FEAC00FBA4A9 /* Frameworks */ = {
			isa = PBXFrameworksBuildPhase;
			buildActionMask = 2147483647;
			files = (
			);
			runOnlyForDeploymentPostprocessing = 0;
		};
/* End PBXFrameworksBuildPhase section */

/* Begin PBXGroup section */
		5C6D052624D4FEAB00FBA4A9 = {
			isa = PBXGroup;
			children = (
				5C6D053124D4FEAB00FBA4A9 /* TipCalc */,
				5C6D054824D4FEAC00FBA4A9 /* TipCalcTests */,
				5C6D055324D4FEAC00FBA4A9 /* TipCalcUITests */,
				5C6D053024D4FEAB00FBA4A9 /* Products */,
			);
			sourceTree = "<group>";
		};
		5C6D053024D4FEAB00FBA4A9 /* Products */ = {
			isa = PBXGroup;
			children = (
				5C6D052F24D4FEAB00FBA4A9 /* TipCalc.app */,
				5C6D054524D4FEAC00FBA4A9 /* TipCalcTests.xctest */,
				5C6D055024D4FEAC00FBA4A9 /* TipCalcUITests.xctest */,
			);
			name = Products;
			sourceTree = "<group>";
		};
		5C6D053124D4FEAB00FBA4A9 /* TipCalc */ = {
			isa = PBXGroup;
			children = (
				5C6D053224D4FEAB00FBA4A9 /* AppDelegate.swift */,
				5C6D053424D4FEAB00FBA4A9 /* SceneDelegate.swift */,
				5C6D053624D4FEAB00FBA4A9 /* ViewController.swift */,
				5C6D053824D4FEAB00FBA4A9 /* Main.storyboard */,
				5C6D053B24D4FEAC00FBA4A9 /* Assets.xcassets */,
				5C6D053D24D4FEAC00FBA4A9 /* LaunchScreen.storyboard */,
				5C6D054024D4FEAC00FBA4A9 /* Info.plist */,
			);
			path = TipCalc;
			sourceTree = "<group>";
		};
		5C6D054824D4FEAC00FBA4A9 /* TipCalcTests */ = {
			isa = PBXGroup;
			children = (
				5C6D054924D4FEAC00FBA4A9 /* TipCalcTests.swift */,
				5C6D054B24D4FEAC00FBA4A9 /* Info.plist */,
			);
			path = TipCalcTests;
			sourceTree = "<group>";
		};
		5C6D055324D4FEAC00FBA4A9 /* TipCalcUITests */ = {
			isa = PBXGroup;
			children = (
				5C6D055424D4FEAC00FBA4A9 /* TipCalcUITests.swift */,
				5C6D055624D4FEAC00FBA4A9 /* Info.plist */,
			);
			path = TipCalcUITests;
			sourceTree = "<group>";
		};
/* End PBXGroup section */

/* Begin PBXNativeTarget section */
		5C6D052E24D4FEAB00FBA4A9 /* TipCalc */ = {
			isa = PBXNativeTarget;
			buildConfigurationList = 5C6D055924D4FEAC00FBA4A9 /* Build configuration list for PBXNativeTarget "TipCalc" */;
			buildPhases = (
				5C6D052B24D4FEAB00FBA4A9 /* Sources */,
				5C6D052C24D4FEAB00FBA4A9 /* Frameworks */,
				5C6D052D24D4FEAB00FBA4A9 /* Resources */,
			);
			buildRules = (
			);
			dependencies = (
			);
			name = TipCalc;
			productName = TipCalc;
			productReference = 5C6D052F24D4FEAB00FBA4A9 /* TipCalc.app */;
			productType = "com.apple.product-type.application";
		};
		5C6D054424D4FEAC00FBA4A9 /* TipCalcTests */ = {
			isa = PBXNativeTarget;
			buildConfigurationList = 5C6D055C24D4FEAC00FBA4A9 /* Build configuration list for PBXNativeTarget "TipCalcTests" */;
			buildPhases = (
				5C6D054124D4FEAC00FBA4A9 /* Sources */,
				5C6D054224D4FEAC00FBA4A9 /* Frameworks */,
				5C6D054324D4FEAC00FBA4A9 /* Resources */,
			);
			buildRules = (
			);
			dependencies = (
				5C6D054724D4FEAC00FBA4A9 /* PBXTargetDependency */,
			);
			name = TipCalcTests;
			productName = TipCalcTests;
			productReference = 5C6D054524D4FEAC00FBA4A9 /* TipCalcTests.xctest */;
			productType = "com.apple.product-type.bundle.unit-test";
		};
		5C6D054F24D4FEAC00FBA4A9 /* TipCalcUITests */ = {
			isa = PBXNativeTarget;
			buildConfigurationList = 5C6D055F24D4FEAC00FBA4A9 /* Build configuration list for PBXNativeTarget "TipCalcUITests" */;
			buildPhases = (
				5C6D054C24D4FEAC00FBA4A9 /* Sources */,
				5C6D054D24D4FEAC00FBA4A9 /* Frameworks */,
				5C6D054E24D4FEAC00FBA4A9 /* Resources */,
			);
			buildRules = (
			);
			dependencies = (
				5C6D055224D4FEAC00FBA4A9 /* PBXTargetDependency */,
			);
			name = TipCalcUITests;
			productName = TipCalcUITests;
			productReference = 5C6D055024D4FEAC00FBA4A9 /* TipCalcUITests.xctest */;
			productType = "com.apple.product-type.bundle.ui-testing";
		};
/* End PBXNativeTarget section */

/* Begin PBXProject section */
		5C6D052724D4FEAB00FBA4A9 /* Project object */ = {
			isa = PBXProject;
			attributes = {
				LastSwiftUpdateCheck = 1160;
				LastUpgradeCheck = 1160;
				ORGANIZATIONNAME = "Suhaib AlMutawakel";
				TargetAttributes = {
					5C6D052E24D4FEAB00FBA4A9 = {
						CreatedOnToolsVersion = 11.6;
					};
					5C6D054424D4FEAC00FBA4A9 = {
						CreatedOnToolsVersion = 11.6;
						TestTargetID = 5C6D052E24D4FEAB00FBA4A9;
					};
					5C6D054F24D4FEAC00FBA4A9 = {
						CreatedOnToolsVersion = 11.6;
						TestTargetID = 5C6D052E24D4FEAB00FBA4A9;
					};
				};
			};
			buildConfigurationList = 5C6D052A24D4FEAB00FBA4A9 /* Build configuration list for PBXProject "TipCalc" */;
			compatibilityVersion = "Xcode 9.3";
			developmentRegion = en;
			hasScannedForEncodings = 0;
			knownRegions = (
				en,
				Base,
			);
			mainGroup = 5C6D052624D4FEAB00FBA4A9;
			productRefGroup = 5C6D053024D4FEAB00FBA4A9 /* Products */;
			projectDirPath = "";
			projectRoot = "";
			targets = (
				5C6D052E24D4FEAB00FBA4A9 /* TipCalc */,
				5C6D054424D4FEAC00FBA4A9 /* TipCalcTests */,
				5C6D054F24D4FEAC00FBA4A9 /* TipCalcUITests */,
			);
		};
/* End PBXProject section */

/* Begin PBXResourcesBuildPhase section */
		5C6D052D24D4FEAB00FBA4A9 /* Resources */ = {
			isa = PBXResourcesBuildPhase;
			buildActionMask = 2147483647;
			files = (
				5C6D053F24D4FEAC00FBA4A9 /* LaunchScreen.storyboard in Resources */,
				5C6D053C24D4FEAC00FBA4A9 /* Assets.xcassets in Resources */,
				5C6D053A24D4FEAB00FBA4A9 /* Main.storyboard in Resources */,
			);
			runOnlyForDeploymentPostprocessing = 0;
		};
		5C6D054324D4FEAC00FBA4A9 /* Resources */ = {
			isa = PBXResourcesBuildPhase;
			buildActionMask = 2147483647;
			files = (
			);
			runOnlyForDeploymentPostprocessing = 0;
		};
		5C6D054E24D4FEAC00FBA4A9 /* Resources */ = {
			isa = PBXResourcesBuildPhase;
			buildActionMask = 2147483647;
			files = (
			);
			runOnlyForDeploymentPostprocessing = 0;
		};
/* End PBXResourcesBuildPhase section */

/* Begin PBXSourcesBuildPhase section */
		5C6D052B24D4FEAB00FBA4A9 /* Sources */ = {
			isa = PBXSourcesBuildPhase;
			buildActionMask = 2147483647;
			files = (
				5C6D053724D4FEAB00FBA4A9 /* ViewController.swift in Sources */,
				5C6D053324D4FEAB00FBA4A9 /* AppDelegate.swift in Sources */,
				5C6D053524D4FEAB00FBA4A9 /* SceneDelegate.swift in Sources */,
			);
			runOnlyForDeploymentPostprocessing = 0;
		};
		5C6D054124D4FEAC00FBA4A9 /* Sources */ = {
			isa = PBXSourcesBuildPhase;
			buildActionMask = 2147483647;
			files = (
				5C6D054A24D4FEAC00FBA4A9 /* TipCalcTests.swift in Sources */,
			);
			runOnlyForDeploymentPostprocessing = 0;
		};
		5C6D054C24D4FEAC00FBA4A9 /* Sources */ = {
			isa = PBXSourcesBuildPhase;
			buildActionMask = 2147483647;
			files = (
				5C6D055524D4FEAC00FBA4A9 /* TipCalcUITests.swift in Sources */,
			);
			runOnlyForDeploymentPostprocessing = 0;
		};
/* End PBXSourcesBuildPhase section */

/* Begin PBXTargetDependency section */
		5C6D054724D4FEAC00FBA4A9 /* PBXTargetDependency */ = {
			isa = PBXTargetDependency;
			target = 5C6D052E24D4FEAB00FBA4A9 /* TipCalc */;
			targetProxy = 5C6D054624D4FEAC00FBA4A9 /* PBXContainerItemProxy */;
		};
		5C6D055224D4FEAC00FBA4A9 /* PBXTargetDependency */ = {
			isa = PBXTargetDependency;
			target = 5C6D052E24D4FEAB00FBA4A9 /* TipCalc */;
			targetProxy = 5C6D055124D4FEAC00FBA4A9 /* PBXContainerItemProxy */;
		};
/* End PBXTargetDependency section */

/* Begin PBXVariantGroup section */
		5C6D053824D4FEAB00FBA4A9 /* Main.storyboard */ = {
			isa = PBXVariantGroup;
			children = (
				5C6D053924D4FEAB00FBA4A9 /* Base */,
			);
			name = Main.storyboard;
			sourceTree = "<group>";
		};
		5C6D053D24D4FEAC00FBA4A9 /* LaunchScreen.storyboard */ = {
			isa = PBXVariantGroup;
			children = (
				5C6D053E24D4FEAC00FBA4A9 /* Base */,
			);
			name = LaunchScreen.storyboard;
			sourceTree = "<group>";
		};
/* End PBXVariantGroup section */

/* Begin XCBuildConfiguration section */
		5C6D055724D4FEAC00FBA4A9 /* Debug */ = {
			isa = XCBuildConfiguration;
			buildSettings = {
				ALWAYS_SEARCH_USER_PATHS = NO;
				CLANG_ANALYZER_NONNULL = YES;
				CLANG_ANALYZER_NUMBER_OBJECT_CONVERSION = YES_AGGRESSIVE;
				CLANG_CXX_LANGUAGE_STANDARD = "gnu++14";
				CLANG_CXX_LIBRARY = "libc++";
				CLANG_ENABLE_MODULES = YES;
				CLANG_ENABLE_OBJC_ARC = YES;
				CLANG_ENABLE_OBJC_WEAK = YES;
				CLANG_WARN_BLOCK_CAPTURE_AUTORELEASING = YES;
				CLANG_WARN_BOOL_CONVERSION = YES;
				CLANG_WARN_COMMA = YES;
				CLANG_WARN_CONSTANT_CONVERSION = YES;
				CLANG_WARN_DEPRECATED_OBJC_IMPLEMENTATIONS = YES;
				CLANG_WARN_DIRECT_OBJC_ISA_USAGE = YES_ERROR;
				CLANG_WARN_DOCUMENTATION_COMMENTS = YES;
				CLANG_WARN_EMPTY_BODY = YES;
				CLANG_WARN_ENUM_CONVERSION = YES;
				CLANG_WARN_INFINITE_RECURSION = YES;
				CLANG_WARN_INT_CONVERSION = YES;
				CLANG_WARN_NON_LITERAL_NULL_CONVERSION = YES;
				CLANG_WARN_OBJC_IMPLICIT_RETAIN_SELF = YES;
				CLANG_WARN_OBJC_LITERAL_CONVERSION = YES;
				CLANG_WARN_OBJC_ROOT_CLASS = YES_ERROR;
				CLANG_WARN_RANGE_LOOP_ANALYSIS = YES;
				CLANG_WARN_STRICT_PROTOTYPES = YES;
				CLANG_WARN_SUSPICIOUS_MOVE = YES;
				CLANG_WARN_UNGUARDED_AVAILABILITY = YES_AGGRESSIVE;
				CLANG_WARN_UNREACHABLE_CODE = YES;
				CLANG_WARN__DUPLICATE_METHOD_MATCH = YES;
				COPY_PHASE_STRIP = NO;
				DEBUG_INFORMATION_FORMAT = dwarf;
				ENABLE_STRICT_OBJC_MSGSEND = YES;
				ENABLE_TESTABILITY = YES;
				GCC_C_LANGUAGE_STANDARD = gnu11;
				GCC_DYNAMIC_NO_PIC = NO;
				GCC_NO_COMMON_BLOCKS = YES;
				GCC_OPTIMIZATION_LEVEL = 0;
				GCC_PREPROCESSOR_DEFINITIONS = (
					"DEBUG=1",
					"$(inherited)",
				);
				GCC_WARN_64_TO_32_BIT_CONVERSION = YES;
				GCC_WARN_ABOUT_RETURN_TYPE = YES_ERROR;
				GCC_WARN_UNDECLARED_SELECTOR = YES;
				GCC_WARN_UNINITIALIZED_AUTOS = YES_AGGRESSIVE;
				GCC_WARN_UNUSED_FUNCTION = YES;
				GCC_WARN_UNUSED_VARIABLE = YES;
				IPHONEOS_DEPLOYMENT_TARGET = 13.6;
				MTL_ENABLE_DEBUG_INFO = INCLUDE_SOURCE;
				MTL_FAST_MATH = YES;
				ONLY_ACTIVE_ARCH = YES;
				SDKROOT = iphoneos;
				SWIFT_ACTIVE_COMPILATION_CONDITIONS = DEBUG;
				SWIFT_OPTIMIZATION_LEVEL = "-Onone";
			};
			name = Debug;
		};
		5C6D055824D4FEAC00FBA4A9 /* Release */ = {
			isa = XCBuildConfiguration;
			buildSettings = {
				ALWAYS_SEARCH_USER_PATHS = NO;
				CLANG_ANALYZER_NONNULL = YES;
				CLANG_ANALYZER_NUMBER_OBJECT_CONVERSION = YES_AGGRESSIVE;
				CLANG_CXX_LANGUAGE_STANDARD = "gnu++14";
				CLANG_CXX_LIBRARY = "libc++";
				CLANG_ENABLE_MODULES = YES;
				CLANG_ENABLE_OBJC_ARC = YES;
				CLANG_ENABLE_OBJC_WEAK = YES;
				CLANG_WARN_BLOCK_CAPTURE_AUTORELEASING = YES;
				CLANG_WARN_BOOL_CONVERSION = YES;
				CLANG_WARN_COMMA = YES;
				CLANG_WARN_CONSTANT_CONVERSION = YES;
				CLANG_WARN_DEPRECATED_OBJC_IMPLEMENTATIONS = YES;
				CLANG_WARN_DIRECT_OBJC_ISA_USAGE = YES_ERROR;
				CLANG_WARN_DOCUMENTATION_COMMENTS = YES;
				CLANG_WARN_EMPTY_BODY = YES;
				CLANG_WARN_ENUM_CONVERSION = YES;
				CLANG_WARN_INFINITE_RECURSION = YES;
				CLANG_WARN_INT_CONVERSION = YES;
				CLANG_WARN_NON_LITERAL_NULL_CONVERSION = YES;
				CLANG_WARN_OBJC_IMPLICIT_RETAIN_SELF = YES;
				CLANG_WARN_OBJC_LITERAL_CONVERSION = YES;
				CLANG_WARN_OBJC_ROOT_CLASS = YES_ERROR;
				CLANG_WARN_RANGE_LOOP_ANALYSIS = YES;
				CLANG_WARN_STRICT_PROTOTYPES = YES;
				CLANG_WARN_SUSPICIOUS_MOVE = YES;
				CLANG_WARN_UNGUARDED_AVAILABILITY = YES_AGGRESSIVE;
				CLANG_WARN_UNREACHABLE_CODE = YES;
				CLANG_WARN__DUPLICATE_METHOD_MATCH = YES;
				COPY_PHASE_STRIP = NO;
				DEBUG_INFORMATION_FORMAT = "dwarf-with-dsym";
				ENABLE_NS_ASSERTIONS = NO;
				ENABLE_STRICT_OBJC_MSGSEND = YES;
				GCC_C_LANGUAGE_STANDARD = gnu11;
				GCC_NO_COMMON_BLOCKS = YES;
				GCC_WARN_64_TO_32_BIT_CONVERSION = YES;
				GCC_WARN_ABOUT_RETURN_TYPE = YES_ERROR;
				GCC_WARN_UNDECLARED_SELECTOR = YES;
				GCC_WARN_UNINITIALIZED_AUTOS = YES_AGGRESSIVE;
				GCC_WARN_UNUSED_FUNCTION = YES;
				GCC_WARN_UNUSED_VARIABLE = YES;
				IPHONEOS_DEPLOYMENT_TARGET = 13.6;
				MTL_ENABLE_DEBUG_INFO = NO;
				MTL_FAST_MATH = YES;
				SDKROOT = iphoneos;
				SWIFT_COMPILATION_MODE = wholemodule;
				SWIFT_OPTIMIZATION_LEVEL = "-O";
				VALIDATE_PRODUCT = YES;
			};
			name = Release;
		};
		5C6D055A24D4FEAC00FBA4A9 /* Debug */ = {
			isa = XCBuildConfiguration;
			buildSettings = {
				ASSETCATALOG_COMPILER_APPICON_NAME = AppIcon;
				CODE_SIGN_STYLE = Automatic;
				DEVELOPMENT_TEAM = UGWZJLXYWB;
				INFOPLIST_FILE = TipCalc/Info.plist;
				LD_RUNPATH_SEARCH_PATHS = (
					"$(inherited)",
					"@executable_path/Frameworks",
				);
				PRODUCT_BUNDLE_IDENTIFIER = com.suhaibmutawakel.TipCalc;
				PRODUCT_NAME = "$(TARGET_NAME)";
				SWIFT_VERSION = 5.0;
				TARGETED_DEVICE_FAMILY = "1,2";
			};
			name = Debug;
		};
		5C6D055B24D4FEAC00FBA4A9 /* Release */ = {
			isa = XCBuildConfiguration;
			buildSettings = {
				ASSETCATALOG_COMPILER_APPICON_NAME = AppIcon;
				CODE_SIGN_STYLE = Automatic;
				DEVELOPMENT_TEAM = UGWZJLXYWB;
				INFOPLIST_FILE = TipCalc/Info.plist;
				LD_RUNPATH_SEARCH_PATHS = (
					"$(inherited)",
					"@executable_path/Frameworks",
				);
				PRODUCT_BUNDLE_IDENTIFIER = com.suhaibmutawakel.TipCalc;
				PRODUCT_NAME = "$(TARGET_NAME)";
				SWIFT_VERSION = 5.0;
				TARGETED_DEVICE_FAMILY = "1,2";
			};
			name = Release;
		};
		5C6D055D24D4FEAC00FBA4A9 /* Debug */ = {
			isa = XCBuildConfiguration;
			buildSettings = {
				ALWAYS_EMBED_SWIFT_STANDARD_LIBRARIES = YES;
				BUNDLE_LOADER = "$(TEST_HOST)";
				CODE_SIGN_STYLE = Automatic;
				DEVELOPMENT_TEAM = UGWZJLXYWB;
				INFOPLIST_FILE = TipCalcTests/Info.plist;
				IPHONEOS_DEPLOYMENT_TARGET = 13.6;
				LD_RUNPATH_SEARCH_PATHS = (
					"$(inherited)",
					"@executable_path/Frameworks",
					"@loader_path/Frameworks",
				);
				PRODUCT_BUNDLE_IDENTIFIER = com.suhaibmutawakel.TipCalcTests;
				PRODUCT_NAME = "$(TARGET_NAME)";
				SWIFT_VERSION = 5.0;
				TARGETED_DEVICE_FAMILY = "1,2";
				TEST_HOST = "$(BUILT_PRODUCTS_DIR)/TipCalc.app/TipCalc";
			};
			name = Debug;
		};
		5C6D055E24D4FEAC00FBA4A9 /* Release */ = {
			isa = XCBuildConfiguration;
			buildSettings = {
				ALWAYS_EMBED_SWIFT_STANDARD_LIBRARIES = YES;
				BUNDLE_LOADER = "$(TEST_HOST)";
				CODE_SIGN_STYLE = Automatic;
				DEVELOPMENT_TEAM = UGWZJLXYWB;
				INFOPLIST_FILE = TipCalcTests/Info.plist;
				IPHONEOS_DEPLOYMENT_TARGET = 13.6;
				LD_RUNPATH_SEARCH_PATHS = (
					"$(inherited)",
					"@executable_path/Frameworks",
					"@loader_path/Frameworks",
				);
				PRODUCT_BUNDLE_IDENTIFIER = com.suhaibmutawakel.TipCalcTests;
				PRODUCT_NAME = "$(TARGET_NAME)";
				SWIFT_VERSION = 5.0;
				TARGETED_DEVICE_FAMILY = "1,2";
				TEST_HOST = "$(BUILT_PRODUCTS_DIR)/TipCalc.app/TipCalc";
			};
			name = Release;
		};
		5C6D056024D4FEAC00FBA4A9 /* Debug */ = {
			isa = XCBuildConfiguration;
			buildSettings = {
				ALWAYS_EMBED_SWIFT_STANDARD_LIBRARIES = YES;
				CODE_SIGN_STYLE = Automatic;
				DEVELOPMENT_TEAM = UGWZJLXYWB;
				INFOPLIST_FILE = TipCalcUITests/Info.plist;
				LD_RUNPATH_SEARCH_PATHS = (
					"$(inherited)",
					"@executable_path/Frameworks",
					"@loader_path/Frameworks",
				);
				PRODUCT_BUNDLE_IDENTIFIER = com.suhaibmutawakel.TipCalcUITests;
				PRODUCT_NAME = "$(TARGET_NAME)";
				SWIFT_VERSION = 5.0;
				TARGETED_DEVICE_FAMILY = "1,2";
				TEST_TARGET_NAME = TipCalc;
			};
			name = Debug;
		};
		5C6D056124D4FEAC00FBA4A9 /* Release */ = {
			isa = XCBuildConfiguration;
			buildSettings = {
				ALWAYS_EMBED_SWIFT_STANDARD_LIBRARIES = YES;
				CODE_SIGN_STYLE = Automatic;
				DEVELOPMENT_TEAM = UGWZJLXYWB;
				INFOPLIST_FILE = TipCalcUITests/Info.plist;
				LD_RUNPATH_SEARCH_PATHS = (
					"$(inherited)",
					"@executable_path/Frameworks",
					"@loader_path/Frameworks",
				);
				PRODUCT_BUNDLE_IDENTIFIER = com.suhaibmutawakel.TipCalcUITests;
				PRODUCT_NAME = "$(TARGET_NAME)";
				SWIFT_VERSION = 5.0;
				TARGETED_DEVICE_FAMILY = "1,2";
				TEST_TARGET_NAME = TipCalc;
			};
			name = Release;
		};
/* End XCBuildConfiguration section */

/* Begin XCConfigurationList section */
		5C6D052A24D4FEAB00FBA4A9 /* Build configuration list for PBXProject "TipCalc" */ = {
			isa = XCConfigurationList;
			buildConfigurations = (
				5C6D055724D4FEAC00FBA4A9 /* Debug */,
				5C6D055824D4FEAC00FBA4A9 /* Release */,
			);
			defaultConfigurationIsVisible = 0;
			defaultConfigurationName = Release;
		};
		5C6D055924D4FEAC00FBA4A9 /* Build configuration list for PBXNativeTarget "TipCalc" */ = {
			isa = XCConfigurationList;
			buildConfigurations = (
				5C6D055A24D4FEAC00FBA4A9 /* Debug */,
				5C6D055B24D4FEAC00FBA4A9 /* Release */,
			);
			defaultConfigurationIsVisible = 0;
			defaultConfigurationName = Release;
		};
		5C6D055C24D4FEAC00FBA4A9 /* Build configuration list for PBXNativeTarget "TipCalcTests" */ = {
			isa = XCConfigurationList;
			buildConfigurations = (
				5C6D055D24D4FEAC00FBA4A9 /* Debug */,
				5C6D055E24D4FEAC00FBA4A9 /* Release */,
			);
			defaultConfigurationIsVisible = 0;
			defaultConfigurationName = Release;
		};
		5C6D055F24D4FEAC00FBA4A9 /* Build configuration list for PBXNativeTarget "TipCalcUITests" */ = {
			isa = XCConfigurationList;
			buildConfigurations = (
				5C6D056024D4FEAC00FBA4A9 /* Debug */,
				5C6D056124D4FEAC00FBA4A9 /* Release */,
			);
			defaultConfigurationIsVisible = 0;
			defaultConfigurationName = Release;
		};
/* End XCConfigurationList section */
	};
	rootObject = 5C6D052724D4FEAB00FBA4A9 /* Project object */;
}
